// !$*UTF8*$!
{
	archiveVersion = 1;
	classes = {
	};
	objectVersion = 56;
	objects = {

/* Begin PBXBuildFile section */
		FB9202A92AD8724500F185FD /* Caritas_CuervosApp.swift in Sources */ = {isa = PBXBuildFile; fileRef = FB9202A82AD8724500F185FD /* Caritas_CuervosApp.swift */; };
		FB9202AB2AD8724500F185FD /* ContentView.swift in Sources */ = {isa = PBXBuildFile; fileRef = FB9202AA2AD8724500F185FD /* ContentView.swift */; };
		FB9202AD2AD8724600F185FD /* Assets.xcassets in Resources */ = {isa = PBXBuildFile; fileRef = FB9202AC2AD8724600F185FD /* Assets.xcassets */; };
		FB9202B02AD8724600F185FD /* Preview Assets.xcassets in Resources */ = {isa = PBXBuildFile; fileRef = FB9202AF2AD8724600F185FD /* Preview Assets.xcassets */; };
		FB94CF762AF9B59900531D82 /* RecibosPorCobrar.swift in Sources */ = {isa = PBXBuildFile; fileRef = FB94CF752AF9B59900531D82 /* RecibosPorCobrar.swift */; };
		FB94CF782AF9B74C00531D82 /* RecibosYaCobradosView.swift in Sources */ = {isa = PBXBuildFile; fileRef = FB94CF772AF9B74C00531D82 /* RecibosYaCobradosView.swift */; };
		FB94CF7A2AF9B7EE00531D82 /* ElementosYaCobradosView.swift in Sources */ = {isa = PBXBuildFile; fileRef = FB94CF792AF9B7EE00531D82 /* ElementosYaCobradosView.swift */; };
		FBEAD2D42AE2F3B80074DC50 /* ElementosPrincipalView.swift in Sources */ = {isa = PBXBuildFile; fileRef = FBEAD2D32AE2F3B80074DC50 /* ElementosPrincipalView.swift */; };
		FBEAD2D82AE2FCDD0074DC50 /* PaginaPrincipalView.swift in Sources */ = {isa = PBXBuildFile; fileRef = FBEAD2D72AE2FCDD0074DC50 /* PaginaPrincipalView.swift */; };
		FBEAD2DA2AE2FD730074DC50 /* HeaderPrincipalView.swift in Sources */ = {isa = PBXBuildFile; fileRef = FBEAD2D92AE2FD730074DC50 /* HeaderPrincipalView.swift */; };
		FBEAD2E02AE3176C0074DC50 /* LoginView.swift in Sources */ = {isa = PBXBuildFile; fileRef = FBEAD2DF2AE3176C0074DC50 /* LoginView.swift */; };
		FBEAD2E22AE3177D0074DC50 /* ModelData.swift in Sources */ = {isa = PBXBuildFile; fileRef = FBEAD2E12AE3177D0074DC50 /* ModelData.swift */; };
		FBEC5E222AE1A04100C35CBA /* HeaderReciboView.swift in Sources */ = {isa = PBXBuildFile; fileRef = FBEC5E212AE1A04100C35CBA /* HeaderReciboView.swift */; };
		FBEC5E242AE1A04B00C35CBA /* NoRecibidoView.swift in Sources */ = {isa = PBXBuildFile; fileRef = FBEC5E232AE1A04B00C35CBA /* NoRecibidoView.swift */; };
		FBEC5E282AE1A08300C35CBA /* ReciboView.swift in Sources */ = {isa = PBXBuildFile; fileRef = FBEC5E272AE1A08300C35CBA /* ReciboView.swift */; };
/* End PBXBuildFile section */

/* Begin PBXFileReference section */
		FB9202A52AD8724500F185FD /* Caritas_Cuervos.app */ = {isa = PBXFileReference; explicitFileType = wrapper.application; includeInIndex = 0; path = Caritas_Cuervos.app; sourceTree = BUILT_PRODUCTS_DIR; };
		FB9202A82AD8724500F185FD /* Caritas_CuervosApp.swift */ = {isa = PBXFileReference; lastKnownFileType = sourcecode.swift; path = Caritas_CuervosApp.swift; sourceTree = "<group>"; };
		FB9202AA2AD8724500F185FD /* ContentView.swift */ = {isa = PBXFileReference; lastKnownFileType = sourcecode.swift; path = ContentView.swift; sourceTree = "<group>"; };
		FB9202AC2AD8724600F185FD /* Assets.xcassets */ = {isa = PBXFileReference; lastKnownFileType = folder.assetcatalog; path = Assets.xcassets; sourceTree = "<group>"; };
		FB9202AF2AD8724600F185FD /* Preview Assets.xcassets */ = {isa = PBXFileReference; lastKnownFileType = folder.assetcatalog; path = "Preview Assets.xcassets"; sourceTree = "<group>"; };
		FB94CF752AF9B59900531D82 /* RecibosPorCobrar.swift */ = {isa = PBXFileReference; lastKnownFileType = sourcecode.swift; path = RecibosPorCobrar.swift; sourceTree = "<group>"; };
		FB94CF772AF9B74C00531D82 /* RecibosYaCobradosView.swift */ = {isa = PBXFileReference; lastKnownFileType = sourcecode.swift; path = RecibosYaCobradosView.swift; sourceTree = "<group>"; };
		FB94CF792AF9B7EE00531D82 /* ElementosYaCobradosView.swift */ = {isa = PBXFileReference; lastKnownFileType = sourcecode.swift; path = ElementosYaCobradosView.swift; sourceTree = "<group>"; };
		FBEAD2D32AE2F3B80074DC50 /* ElementosPrincipalView.swift */ = {isa = PBXFileReference; lastKnownFileType = sourcecode.swift; path = ElementosPrincipalView.swift; sourceTree = "<group>"; };
		FBEAD2D72AE2FCDD0074DC50 /* PaginaPrincipalView.swift */ = {isa = PBXFileReference; lastKnownFileType = sourcecode.swift; path = PaginaPrincipalView.swift; sourceTree = "<group>"; };
		FBEAD2D92AE2FD730074DC50 /* HeaderPrincipalView.swift */ = {isa = PBXFileReference; lastKnownFileType = sourcecode.swift; path = HeaderPrincipalView.swift; sourceTree = "<group>"; };
		FBEAD2DF2AE3176C0074DC50 /* LoginView.swift */ = {isa = PBXFileReference; fileEncoding = 4; lastKnownFileType = sourcecode.swift; path = LoginView.swift; sourceTree = "<group>"; };
		FBEAD2E12AE3177D0074DC50 /* ModelData.swift */ = {isa = PBXFileReference; fileEncoding = 4; lastKnownFileType = sourcecode.swift; path = ModelData.swift; sourceTree = "<group>"; };
		FBEC5E212AE1A04100C35CBA /* HeaderReciboView.swift */ = {isa = PBXFileReference; fileEncoding = 4; lastKnownFileType = sourcecode.swift; path = HeaderReciboView.swift; sourceTree = "<group>"; };
		FBEC5E232AE1A04B00C35CBA /* NoRecibidoView.swift */ = {isa = PBXFileReference; fileEncoding = 4; lastKnownFileType = sourcecode.swift; path = NoRecibidoView.swift; sourceTree = "<group>"; };
		FBEC5E272AE1A08300C35CBA /* ReciboView.swift */ = {isa = PBXFileReference; fileEncoding = 4; lastKnownFileType = sourcecode.swift; path = ReciboView.swift; sourceTree = "<group>"; };
/* End PBXFileReference section */

/* Begin PBXFrameworksBuildPhase section */
		FB9202A22AD8724500F185FD /* Frameworks */ = {
			isa = PBXFrameworksBuildPhase;
			buildActionMask = 2147483647;
			files = (
			);
			runOnlyForDeploymentPostprocessing = 0;
		};
/* End PBXFrameworksBuildPhase section */

/* Begin PBXGroup section */
		FB92029C2AD8724500F185FD = {
			isa = PBXGroup;
			children = (
				FB9202A72AD8724500F185FD /* Caritas_Cuervos */,
				FB9202A62AD8724500F185FD /* Products */,
			);
			sourceTree = "<group>";
		};
		FB9202A62AD8724500F185FD /* Products */ = {
			isa = PBXGroup;
			children = (
				FB9202A52AD8724500F185FD /* Caritas_Cuervos.app */,
			);
			name = Products;
			sourceTree = "<group>";
		};
		FB9202A72AD8724500F185FD /* Caritas_Cuervos */ = {
			isa = PBXGroup;
			children = (
				FB9202A82AD8724500F185FD /* Caritas_CuervosApp.swift */,
				FB9202AA2AD8724500F185FD /* ContentView.swift */,
				FBEAD2DF2AE3176C0074DC50 /* LoginView.swift */,
				FBEAD2D72AE2FCDD0074DC50 /* PaginaPrincipalView.swift */,
				FBEAD2D92AE2FD730074DC50 /* HeaderPrincipalView.swift */,
				FB94CF752AF9B59900531D82 /* RecibosPorCobrar.swift */,
				FB94CF772AF9B74C00531D82 /* RecibosYaCobradosView.swift */,
				FBEC5E212AE1A04100C35CBA /* HeaderReciboView.swift */,
				FBEC5E272AE1A08300C35CBA /* ReciboView.swift */,
				FBEC5E232AE1A04B00C35CBA /* NoRecibidoView.swift */,
				FBEAD2D32AE2F3B80074DC50 /* ElementosPrincipalView.swift */,
				FB94CF792AF9B7EE00531D82 /* ElementosYaCobradosView.swift */,
				FBEAD2E12AE3177D0074DC50 /* ModelData.swift */,
				FB9202AC2AD8724600F185FD /* Assets.xcassets */,
				FB9202AE2AD8724600F185FD /* Preview Content */,
			);
			path = Caritas_Cuervos;
			sourceTree = "<group>";
		};
		FB9202AE2AD8724600F185FD /* Preview Content */ = {
			isa = PBXGroup;
			children = (
				FB9202AF2AD8724600F185FD /* Preview Assets.xcassets */,
			);
			path = "Preview Content";
			sourceTree = "<group>";
		};
/* End PBXGroup section */

/* Begin PBXNativeTarget section */
		FB9202A42AD8724500F185FD /* Caritas_Cuervos */ = {
			isa = PBXNativeTarget;
			buildConfigurationList = FB9202B32AD8724600F185FD /* Build configuration list for PBXNativeTarget "Caritas_Cuervos" */;
			buildPhases = (
				FB9202A12AD8724500F185FD /* Sources */,
				FB9202A22AD8724500F185FD /* Frameworks */,
				FB9202A32AD8724500F185FD /* Resources */,
			);
			buildRules = (
			);
			dependencies = (
			);
			name = Caritas_Cuervos;
			productName = Caritas_Cuervos;
			productReference = FB9202A52AD8724500F185FD /* Caritas_Cuervos.app */;
			productType = "com.apple.product-type.application";
		};
/* End PBXNativeTarget section */

/* Begin PBXProject section */
		FB92029D2AD8724500F185FD /* Project object */ = {
			isa = PBXProject;
			attributes = {
				BuildIndependentTargetsInParallel = 1;
				LastSwiftUpdateCheck = 1430;
				LastUpgradeCheck = 1430;
				TargetAttributes = {
					FB9202A42AD8724500F185FD = {
						CreatedOnToolsVersion = 14.3.1;
					};
				};
			};
			buildConfigurationList = FB9202A02AD8724500F185FD /* Build configuration list for PBXProject "Caritas_Cuervos" */;
			compatibilityVersion = "Xcode 14.0";
			developmentRegion = en;
			hasScannedForEncodings = 0;
			knownRegions = (
				en,
				Base,
			);
			mainGroup = FB92029C2AD8724500F185FD;
			productRefGroup = FB9202A62AD8724500F185FD /* Products */;
			projectDirPath = "";
			projectRoot = "";
			targets = (
				FB9202A42AD8724500F185FD /* Caritas_Cuervos */,
			);
		};
/* End PBXProject section */

/* Begin PBXResourcesBuildPhase section */
		FB9202A32AD8724500F185FD /* Resources */ = {
			isa = PBXResourcesBuildPhase;
			buildActionMask = 2147483647;
			files = (
				FB9202B02AD8724600F185FD /* Preview Assets.xcassets in Resources */,
				FB9202AD2AD8724600F185FD /* Assets.xcassets in Resources */,
			);
			runOnlyForDeploymentPostprocessing = 0;
		};
/* End PBXResourcesBuildPhase section */

/* Begin PBXSourcesBuildPhase section */
		FB9202A12AD8724500F185FD /* Sources */ = {
			isa = PBXSourcesBuildPhase;
			buildActionMask = 2147483647;
			files = (
				FB94CF7A2AF9B7EE00531D82 /* ElementosYaCobradosView.swift in Sources */,
				FBEAD2D82AE2FCDD0074DC50 /* PaginaPrincipalView.swift in Sources */,
				FBEC5E222AE1A04100C35CBA /* HeaderReciboView.swift in Sources */,
				FBEAD2D42AE2F3B80074DC50 /* ElementosPrincipalView.swift in Sources */,
				FB94CF782AF9B74C00531D82 /* RecibosYaCobradosView.swift in Sources */,
				FB94CF762AF9B59900531D82 /* RecibosPorCobrar.swift in Sources */,
				FBEAD2E02AE3176C0074DC50 /* LoginView.swift in Sources */,
				FBEC5E282AE1A08300C35CBA /* ReciboView.swift in Sources */,
				FBEAD2DA2AE2FD730074DC50 /* HeaderPrincipalView.swift in Sources */,
				FB9202AB2AD8724500F185FD /* ContentView.swift in Sources */,
				FBEAD2E22AE3177D0074DC50 /* ModelData.swift in Sources */,
				FBEC5E242AE1A04B00C35CBA /* NoRecibidoView.swift in Sources */,
				FB9202A92AD8724500F185FD /* Caritas_CuervosApp.swift in Sources */,
			);
			runOnlyForDeploymentPostprocessing = 0;
		};
/* End PBXSourcesBuildPhase section */

/* Begin XCBuildConfiguration section */
		FB9202B12AD8724600F185FD /* Debug */ = {
			isa = XCBuildConfiguration;
			buildSettings = {
				ALWAYS_SEARCH_USER_PATHS = NO;
				CLANG_ANALYZER_NONNULL = YES;
				CLANG_ANALYZER_NUMBER_OBJECT_CONVERSION = YES_AGGRESSIVE;
				CLANG_CXX_LANGUAGE_STANDARD = "gnu++20";
				CLANG_ENABLE_MODULES = YES;
				CLANG_ENABLE_OBJC_ARC = YES;
				CLANG_ENABLE_OBJC_WEAK = YES;
				CLANG_WARN_BLOCK_CAPTURE_AUTORELEASING = YES;
				CLANG_WARN_BOOL_CONVERSION = YES;
				CLANG_WARN_COMMA = YES;
				CLANG_WARN_CONSTANT_CONVERSION = YES;
				CLANG_WARN_DEPRECATED_OBJC_IMPLEMENTATIONS = YES;
				CLANG_WARN_DIRECT_OBJC_ISA_USAGE = YES_ERROR;
				CLANG_WARN_DOCUMENTATION_COMMENTS = YES;
				CLANG_WARN_EMPTY_BODY = YES;
				CLANG_WARN_ENUM_CONVERSION = YES;
				CLANG_WARN_INFINITE_RECURSION = YES;
				CLANG_WARN_INT_CONVERSION = YES;
				CLANG_WARN_NON_LITERAL_NULL_CONVERSION = YES;
				CLANG_WARN_OBJC_IMPLICIT_RETAIN_SELF = YES;
				CLANG_WARN_OBJC_LITERAL_CONVERSION = YES;
				CLANG_WARN_OBJC_ROOT_CLASS = YES_ERROR;
				CLANG_WARN_QUOTED_INCLUDE_IN_FRAMEWORK_HEADER = YES;
				CLANG_WARN_RANGE_LOOP_ANALYSIS = YES;
				CLANG_WARN_STRICT_PROTOTYPES = YES;
				CLANG_WARN_SUSPICIOUS_MOVE = YES;
				CLANG_WARN_UNGUARDED_AVAILABILITY = YES_AGGRESSIVE;
				CLANG_WARN_UNREACHABLE_CODE = YES;
				CLANG_WARN__DUPLICATE_METHOD_MATCH = YES;
				COPY_PHASE_STRIP = NO;
				DEBUG_INFORMATION_FORMAT = dwarf;
				ENABLE_STRICT_OBJC_MSGSEND = YES;
				ENABLE_TESTABILITY = YES;
				GCC_C_LANGUAGE_STANDARD = gnu11;
				GCC_DYNAMIC_NO_PIC = NO;
				GCC_NO_COMMON_BLOCKS = YES;
				GCC_OPTIMIZATION_LEVEL = 0;
				GCC_PREPROCESSOR_DEFINITIONS = (
					"DEBUG=1",
					"$(inherited)",
				);
				GCC_WARN_64_TO_32_BIT_CONVERSION = YES;
				GCC_WARN_ABOUT_RETURN_TYPE = YES_ERROR;
				GCC_WARN_UNDECLARED_SELECTOR = YES;
				GCC_WARN_UNINITIALIZED_AUTOS = YES_AGGRESSIVE;
				GCC_WARN_UNUSED_FUNCTION = YES;
				GCC_WARN_UNUSED_VARIABLE = YES;
				IPHONEOS_DEPLOYMENT_TARGET = 16.4;
				MTL_ENABLE_DEBUG_INFO = INCLUDE_SOURCE;
				MTL_FAST_MATH = YES;
				ONLY_ACTIVE_ARCH = YES;
				SDKROOT = iphoneos;
				SWIFT_ACTIVE_COMPILATION_CONDITIONS = DEBUG;
				SWIFT_OPTIMIZATION_LEVEL = "-Onone";
			};
			name = Debug;
		};
		FB9202B22AD8724600F185FD /* Release */ = {
			isa = XCBuildConfiguration;
			buildSettings = {
				ALWAYS_SEARCH_USER_PATHS = NO;
				CLANG_ANALYZER_NONNULL = YES;
				CLANG_ANALYZER_NUMBER_OBJECT_CONVERSION = YES_AGGRESSIVE;
				CLANG_CXX_LANGUAGE_STANDARD = "gnu++20";
				CLANG_ENABLE_MODULES = YES;
				CLANG_ENABLE_OBJC_ARC = YES;
				CLANG_ENABLE_OBJC_WEAK = YES;
				CLANG_WARN_BLOCK_CAPTURE_AUTORELEASING = YES;
				CLANG_WARN_BOOL_CONVERSION = YES;
				CLANG_WARN_COMMA = YES;
				CLANG_WARN_CONSTANT_CONVERSION = YES;
				CLANG_WARN_DEPRECATED_OBJC_IMPLEMENTATIONS = YES;
				CLANG_WARN_DIRECT_OBJC_ISA_USAGE = YES_ERROR;
				CLANG_WARN_DOCUMENTATION_COMMENTS = YES;
				CLANG_WARN_EMPTY_BODY = YES;
				CLANG_WARN_ENUM_CONVERSION = YES;
				CLANG_WARN_INFINITE_RECURSION = YES;
				CLANG_WARN_INT_CONVERSION = YES;
				CLANG_WARN_NON_LITERAL_NULL_CONVERSION = YES;
				CLANG_WARN_OBJC_IMPLICIT_RETAIN_SELF = YES;
				CLANG_WARN_OBJC_LITERAL_CONVERSION = YES;
				CLANG_WARN_OBJC_ROOT_CLASS = YES_ERROR;
				CLANG_WARN_QUOTED_INCLUDE_IN_FRAMEWORK_HEADER = YES;
				CLANG_WARN_RANGE_LOOP_ANALYSIS = YES;
				CLANG_WARN_STRICT_PROTOTYPES = YES;
				CLANG_WARN_SUSPICIOUS_MOVE = YES;
				CLANG_WARN_UNGUARDED_AVAILABILITY = YES_AGGRESSIVE;
				CLANG_WARN_UNREACHABLE_CODE = YES;
				CLANG_WARN__DUPLICATE_METHOD_MATCH = YES;
				COPY_PHASE_STRIP = NO;
				DEBUG_INFORMATION_FORMAT = "dwarf-with-dsym";
				ENABLE_NS_ASSERTIONS = NO;
				ENABLE_STRICT_OBJC_MSGSEND = YES;
				GCC_C_LANGUAGE_STANDARD = gnu11;
				GCC_NO_COMMON_BLOCKS = YES;
				GCC_WARN_64_TO_32_BIT_CONVERSION = YES;
				GCC_WARN_ABOUT_RETURN_TYPE = YES_ERROR;
				GCC_WARN_UNDECLARED_SELECTOR = YES;
				GCC_WARN_UNINITIALIZED_AUTOS = YES_AGGRESSIVE;
				GCC_WARN_UNUSED_FUNCTION = YES;
				GCC_WARN_UNUSED_VARIABLE = YES;
				IPHONEOS_DEPLOYMENT_TARGET = 16.4;
				MTL_ENABLE_DEBUG_INFO = NO;
				MTL_FAST_MATH = YES;
				SDKROOT = iphoneos;
				SWIFT_COMPILATION_MODE = wholemodule;
				SWIFT_OPTIMIZATION_LEVEL = "-O";
				VALIDATE_PRODUCT = YES;
			};
			name = Release;
		};
		FB9202B42AD8724600F185FD /* Debug */ = {
			isa = XCBuildConfiguration;
			buildSettings = {
				ASSETCATALOG_COMPILER_APPICON_NAME = AppIcon;
				ASSETCATALOG_COMPILER_GLOBAL_ACCENT_COLOR_NAME = AccentColor;
				CODE_SIGN_STYLE = Automatic;
				CURRENT_PROJECT_VERSION = 1;
				DEVELOPMENT_ASSET_PATHS = "\"Caritas_Cuervos/Preview Content\"";
				DEVELOPMENT_TEAM = 525V2HAS6X;
				ENABLE_PREVIEWS = YES;
				GENERATE_INFOPLIST_FILE = YES;
				INFOPLIST_KEY_UIApplicationSceneManifest_Generation = YES;
				INFOPLIST_KEY_UIApplicationSupportsIndirectInputEvents = YES;
				INFOPLIST_KEY_UILaunchScreen_Generation = YES;
				INFOPLIST_KEY_UISupportedInterfaceOrientations_iPad = "UIInterfaceOrientationPortrait UIInterfaceOrientationPortraitUpsideDown UIInterfaceOrientationLandscapeLeft UIInterfaceOrientationLandscapeRight";
				INFOPLIST_KEY_UISupportedInterfaceOrientations_iPhone = "UIInterfaceOrientationPortrait UIInterfaceOrientationLandscapeLeft UIInterfaceOrientationLandscapeRight";
				IPHONEOS_DEPLOYMENT_TARGET = 16.1;
				LD_RUNPATH_SEARCH_PATHS = (
					"$(inherited)",
					"@executable_path/Frameworks",
				);
				MARKETING_VERSION = 1.0;
				PRODUCT_BUNDLE_IDENTIFIER = CaritasCuervosEquipo3;
				PRODUCT_NAME = "$(TARGET_NAME)";
				SWIFT_EMIT_LOC_STRINGS = YES;
				SWIFT_VERSION = 5.0;
				TARGETED_DEVICE_FAMILY = "1,2";
			};
			name = Debug;
		};
		FB9202B52AD8724600F185FD /* Release */ = {
			isa = XCBuildConfiguration;
			buildSettings = {
				ASSETCATALOG_COMPILER_APPICON_NAME = AppIcon;
				ASSETCATALOG_COMPILER_GLOBAL_ACCENT_COLOR_NAME = AccentColor;
				CODE_SIGN_STYLE = Automatic;
				CURRENT_PROJECT_VERSION = 1;
				DEVELOPMENT_ASSET_PATHS = "\"Caritas_Cuervos/Preview Content\"";
				DEVELOPMENT_TEAM = 525V2HAS6X;
				ENABLE_PREVIEWS = YES;
				GENERATE_INFOPLIST_FILE = YES;
				INFOPLIST_KEY_UIApplicationSceneManifest_Generation = YES;
				INFOPLIST_KEY_UIApplicationSupportsIndirectInputEvents = YES;
				INFOPLIST_KEY_UILaunchScreen_Generation = YES;
				INFOPLIST_KEY_UISupportedInterfaceOrientations_iPad = "UIInterfaceOrientationPortrait UIInterfaceOrientationPortraitUpsideDown UIInterfaceOrientationLandscapeLeft UIInterfaceOrientationLandscapeRight";
				INFOPLIST_KEY_UISupportedInterfaceOrientations_iPhone = "UIInterfaceOrientationPortrait UIInterfaceOrientationLandscapeLeft UIInterfaceOrientationLandscapeRight";
				IPHONEOS_DEPLOYMENT_TARGET = 16.1;
				LD_RUNPATH_SEARCH_PATHS = (
					"$(inherited)",
					"@executable_path/Frameworks",
				);
				MARKETING_VERSION = 1.0;
				PRODUCT_BUNDLE_IDENTIFIER = CaritasCuervosEquipo3;
				PRODUCT_NAME = "$(TARGET_NAME)";
				SWIFT_EMIT_LOC_STRINGS = YES;
				SWIFT_VERSION = 5.0;
				TARGETED_DEVICE_FAMILY = "1,2";
			};
			name = Release;
		};
/* End XCBuildConfiguration section */

/* Begin XCConfigurationList section */
		FB9202A02AD8724500F185FD /* Build configuration list for PBXProject "Caritas_Cuervos" */ = {
			isa = XCConfigurationList;
			buildConfigurations = (
				FB9202B12AD8724600F185FD /* Debug */,
				FB9202B22AD8724600F185FD /* Release */,
			);
			defaultConfigurationIsVisible = 0;
			defaultConfigurationName = Release;
		};
		FB9202B32AD8724600F185FD /* Build configuration list for PBXNativeTarget "Caritas_Cuervos" */ = {
			isa = XCConfigurationList;
			buildConfigurations = (
				FB9202B42AD8724600F185FD /* Debug */,
				FB9202B52AD8724600F185FD /* Release */,
			);
			defaultConfigurationIsVisible = 0;
			defaultConfigurationName = Release;
		};
/* End XCConfigurationList section */
	};
	rootObject = FB92029D2AD8724500F185FD /* Project object */;
}
